
Microsoft Visual Studio Solution File, Format Version 12.00
# Visual Studio 15
VisualStudioVersion = 15.0.26730.16
MinimumVisualStudioVersion = 10.0.40219.1
Project("{FAE04EC0-301F-11D3-BF4B-00C04F79EFBC}") = "entityframework1", "entityframework1\entityframework1.csproj", "{E43F5ED9-C3D0-4B18-A7C2-3C4548945C00}"
EndProject
Global
	GlobalSection(SolutionConfigurationPlatforms) = preSolution
		Debug|Any CPU = Debug|Any CPU
		Release|Any CPU = Release|Any CPU
	EndGlobalSection
	GlobalSection(ProjectConfigurationPlatforms) = postSolution
		{E43F5ED9-C3D0-4B18-A7C2-3C4548945C00}.Debug|Any CPU.ActiveCfg = Debug|Any CPU
		{E43F5ED9-C3D0-4B18-A7C2-3C4548945C00}.Debug|Any CPU.Build.0 = Debug|Any CPU
		{E43F5ED9-C3D0-4B18-A7C2-3C4548945C00}.Release|Any CPU.ActiveCfg = Release|Any CPU
		{E43F5ED9-C3D0-4B18-A7C2-3C4548945C00}.Release|Any CPU.Build.0 = Release|Any CPU
	EndGlobalSection
	GlobalSection(SolutionProperties) = preSolution
		HideSolutionNode = FALSE
	EndGlobalSection
	GlobalSection(ExtensibilityGlobals) = postSolution
		SolutionGuid = {8AE5A3BA-7775-4283-889B-77CD43504B38}
	EndGlobalSection
EndGlobal
